
Microsoft Visual Studio Solution File, Format Version 12.00
# Visual Studio Version 17
VisualStudioVersion = 17.13.35806.99
MinimumVisualStudioVersion = 10.0.40219.1
Project("{FAE04EC0-301F-11D3-BF4B-00C04F79EFBC}") = "NextStation", "NextStation\NextStation.csproj", "{F538B0EA-115C-4C0B-B407-C2D48895C513}"
EndProject
Project("{FAE04EC0-301F-11D3-BF4B-00C04F79EFBC}") = "ClassLibrary", "ClassLibrary\ClassLibrary.csproj", "{1CF1ED5D-A768-46FF-9093-D2A08BF6D98C}"
EndProject
Project("{FAE04EC0-301F-11D3-BF4B-00C04F79EFBC}") = "ConsoleApp1", "ConsoleApp1\ConsoleApp1.csproj", "{C59AC158-CAE1-49AF-B834-39C31A7CEA2C}"
EndProject
Global
	GlobalSection(SolutionConfigurationPlatforms) = preSolution
		Debug|Any CPU = Debug|Any CPU
		Release|Any CPU = Release|Any CPU
	EndGlobalSection
	GlobalSection(ProjectConfigurationPlatforms) = postSolution
		{F538B0EA-115C-4C0B-B407-C2D48895C513}.Debug|Any CPU.ActiveCfg = Debug|Any CPU
		{F538B0EA-115C-4C0B-B407-C2D48895C513}.Debug|Any CPU.Build.0 = Debug|Any CPU
		{F538B0EA-115C-4C0B-B407-C2D48895C513}.Release|Any CPU.ActiveCfg = Release|Any CPU
		{F538B0EA-115C-4C0B-B407-C2D48895C513}.Release|Any CPU.Build.0 = Release|Any CPU
		{1CF1ED5D-A768-46FF-9093-D2A08BF6D98C}.Debug|Any CPU.ActiveCfg = Debug|Any CPU
		{1CF1ED5D-A768-46FF-9093-D2A08BF6D98C}.Debug|Any CPU.Build.0 = Debug|Any CPU
		{1CF1ED5D-A768-46FF-9093-D2A08BF6D98C}.Release|Any CPU.ActiveCfg = Release|Any CPU
		{1CF1ED5D-A768-46FF-9093-D2A08BF6D98C}.Release|Any CPU.Build.0 = Release|Any CPU
		{C59AC158-CAE1-49AF-B834-39C31A7CEA2C}.Debug|Any CPU.ActiveCfg = Debug|Any CPU
		{C59AC158-CAE1-49AF-B834-39C31A7CEA2C}.Debug|Any CPU.Build.0 = Debug|Any CPU
		{C59AC158-CAE1-49AF-B834-39C31A7CEA2C}.Release|Any CPU.ActiveCfg = Release|Any CPU
		{C59AC158-CAE1-49AF-B834-39C31A7CEA2C}.Release|Any CPU.Build.0 = Release|Any CPU
	EndGlobalSection
	GlobalSection(SolutionProperties) = preSolution
		HideSolutionNode = FALSE
	EndGlobalSection
	GlobalSection(ExtensibilityGlobals) = postSolution
		SolutionGuid = {AA18EC97-C063-4206-8245-09D74CBFA244}
	EndGlobalSection
EndGlobal
